// !$*UTF8*$!
{
	archiveVersion = 1;
	classes = {
	};
	objectVersion = 50;
	objects = {

/* Begin PBXBuildFile section */
		5D0C4E22220324BF001365F1 /* FoodPin.xcdatamodeld in Sources */ = {isa = PBXBuildFile; fileRef = 5D0C4E20220324BF001365F1 /* FoodPin.xcdatamodeld */; };
		5D0F20B8220C3580009F1F78 /* WalkThroughController.swift in Sources */ = {isa = PBXBuildFile; fileRef = 5D0F20B7220C3580009F1F78 /* WalkThroughController.swift */; };
		5D0F20BC220C3F70009F1F78 /* WalkThroughPageViewController.swift in Sources */ = {isa = PBXBuildFile; fileRef = 5D0F20BB220C3F70009F1F78 /* WalkThroughPageViewController.swift */; };
		5D1188A122008BB4003B72EB /* AddRestaurantController.swift in Sources */ = {isa = PBXBuildFile; fileRef = 5D1188A022008BB4003B72EB /* AddRestaurantController.swift */; };
		5D1A453421E8CCEB00A2B649 /* RestaurantDetailViewTableCellTableViewCell.swift in Sources */ = {isa = PBXBuildFile; fileRef = 5D1A453321E8CCEB00A2B649 /* RestaurantDetailViewTableCellTableViewCell.swift */; };
		5D4166CC21EFBCD2002F72AF /* ReviewViewController.swift in Sources */ = {isa = PBXBuildFile; fileRef = 5D4166CB21EFBCD2002F72AF /* ReviewViewController.swift */; };
		5D73F24A2216D4EB00F473DE /* AboutTableViewController.swift in Sources */ = {isa = PBXBuildFile; fileRef = 5D73F2492216D4EB00F473DE /* AboutTableViewController.swift */; };
		5D73F24C2216E2FB00F473DE /* WebViewController.swift in Sources */ = {isa = PBXBuildFile; fileRef = 5D73F24B2216E2FB00F473DE /* WebViewController.swift */; };
		5D7DC77921AD6B3400547575 /* AppDelegate.swift in Sources */ = {isa = PBXBuildFile; fileRef = 5D7DC77821AD6B3400547575 /* AppDelegate.swift */; };
		5D7DC77E21AD6B3400547575 /* Main.storyboard in Resources */ = {isa = PBXBuildFile; fileRef = 5D7DC77C21AD6B3400547575 /* Main.storyboard */; };
		5D7DC78021AD6B3700547575 /* Assets.xcassets in Resources */ = {isa = PBXBuildFile; fileRef = 5D7DC77F21AD6B3700547575 /* Assets.xcassets */; };
		5D7DC78321AD6B3700547575 /* LaunchScreen.storyboard in Resources */ = {isa = PBXBuildFile; fileRef = 5D7DC78121AD6B3700547575 /* LaunchScreen.storyboard */; };
		5D7DC78E21AD6F5800547575 /* Restaurant.swift in Sources */ = {isa = PBXBuildFile; fileRef = 5D7DC78D21AD6F5800547575 /* Restaurant.swift */; };
		5D7DC79021AD777200547575 /* FoodPinTableViewController.swift in Sources */ = {isa = PBXBuildFile; fileRef = 5D7DC78F21AD777200547575 /* FoodPinTableViewController.swift */; };
		5D7DC79321AD7CBB00547575 /* RestaurantTableViewCell.swift in Sources */ = {isa = PBXBuildFile; fileRef = 5D7DC79221AD7CBB00547575 /* RestaurantTableViewCell.swift */; };
		5D8E4B8E2214604700963BF0 /* about.storyboard in Resources */ = {isa = PBXBuildFile; fileRef = 5D8E4B8D2214604700963BF0 /* about.storyboard */; };
		5D8E4B902214606200963BF0 /* discover.storyboard in Resources */ = {isa = PBXBuildFile; fileRef = 5D8E4B8F2214606200963BF0 /* discover.storyboard */; };
		5DA1848521B1641C0066E79D /* FoodPinDetailViewController.swift in Sources */ = {isa = PBXBuildFile; fileRef = 5DA1848421B1641C0066E79D /* FoodPinDetailViewController.swift */; };
		5DC5441721F75DC100CEF41E /* MapKit.framework in Frameworks */ = {isa = PBXBuildFile; fileRef = 5DC5441621F75DC100CEF41E /* MapKit.framework */; };
		5DC5441B21F87AB200CEF41E /* MapViewController.swift in Sources */ = {isa = PBXBuildFile; fileRef = 5DC5441A21F87AB200CEF41E /* MapViewController.swift */; };
/* End PBXBuildFile section */

/* Begin PBXFileReference section */
		5D0C4E21220324BF001365F1 /* FoodPin.xcdatamodel */ = {isa = PBXFileReference; lastKnownFileType = wrapper.xcdatamodel; path = FoodPin.xcdatamodel; sourceTree = "<group>"; };
		5D0F20B7220C3580009F1F78 /* WalkThroughController.swift */ = {isa = PBXFileReference; lastKnownFileType = sourcecode.swift; path = WalkThroughController.swift; sourceTree = "<group>"; };
		5D0F20BB220C3F70009F1F78 /* WalkThroughPageViewController.swift */ = {isa = PBXFileReference; lastKnownFileType = sourcecode.swift; path = WalkThroughPageViewController.swift; sourceTree = "<group>"; };
		5D1188A022008BB4003B72EB /* AddRestaurantController.swift */ = {isa = PBXFileReference; lastKnownFileType = sourcecode.swift; path = AddRestaurantController.swift; sourceTree = "<group>"; };
		5D1A453321E8CCEB00A2B649 /* RestaurantDetailViewTableCellTableViewCell.swift */ = {isa = PBXFileReference; lastKnownFileType = sourcecode.swift; path = RestaurantDetailViewTableCellTableViewCell.swift; sourceTree = "<group>"; };
		5D4166CB21EFBCD2002F72AF /* ReviewViewController.swift */ = {isa = PBXFileReference; lastKnownFileType = sourcecode.swift; path = ReviewViewController.swift; sourceTree = "<group>"; };
		5D73F2492216D4EB00F473DE /* AboutTableViewController.swift */ = {isa = PBXFileReference; lastKnownFileType = sourcecode.swift; path = AboutTableViewController.swift; sourceTree = "<group>"; };
		5D73F24B2216E2FB00F473DE /* WebViewController.swift */ = {isa = PBXFileReference; lastKnownFileType = sourcecode.swift; path = WebViewController.swift; sourceTree = "<group>"; };
		5D7DC77521AD6B3400547575 /* FoodPinApp.app */ = {isa = PBXFileReference; explicitFileType = wrapper.application; includeInIndex = 0; path = FoodPinApp.app; sourceTree = BUILT_PRODUCTS_DIR; };
		5D7DC77821AD6B3400547575 /* AppDelegate.swift */ = {isa = PBXFileReference; lastKnownFileType = sourcecode.swift; path = AppDelegate.swift; sourceTree = "<group>"; };
		5D7DC77D21AD6B3400547575 /* Base */ = {isa = PBXFileReference; lastKnownFileType = file.storyboard; name = Base; path = Base.lproj/Main.storyboard; sourceTree = "<group>"; };
		5D7DC77F21AD6B3700547575 /* Assets.xcassets */ = {isa = PBXFileReference; lastKnownFileType = folder.assetcatalog; path = Assets.xcassets; sourceTree = "<group>"; };
		5D7DC78221AD6B3700547575 /* Base */ = {isa = PBXFileReference; lastKnownFileType = file.storyboard; name = Base; path = Base.lproj/LaunchScreen.storyboard; sourceTree = "<group>"; };
		5D7DC78421AD6B3700547575 /* Info.plist */ = {isa = PBXFileReference; lastKnownFileType = text.plist.xml; path = Info.plist; sourceTree = "<group>"; };
		5D7DC78D21AD6F5800547575 /* Restaurant.swift */ = {isa = PBXFileReference; lastKnownFileType = sourcecode.swift; path = Restaurant.swift; sourceTree = "<group>"; };
		5D7DC78F21AD777200547575 /* FoodPinTableViewController.swift */ = {isa = PBXFileReference; lastKnownFileType = sourcecode.swift; path = FoodPinTableViewController.swift; sourceTree = "<group>"; };
		5D7DC79221AD7CBB00547575 /* RestaurantTableViewCell.swift */ = {isa = PBXFileReference; lastKnownFileType = sourcecode.swift; path = RestaurantTableViewCell.swift; sourceTree = "<group>"; };
		5D8E4B8D2214604700963BF0 /* about.storyboard */ = {isa = PBXFileReference; fileEncoding = 4; lastKnownFileType = file.storyboard; path = about.storyboard; sourceTree = "<group>"; };
		5D8E4B8F2214606200963BF0 /* discover.storyboard */ = {isa = PBXFileReference; fileEncoding = 4; lastKnownFileType = file.storyboard; path = discover.storyboard; sourceTree = "<group>"; };
		5DA1848421B1641C0066E79D /* FoodPinDetailViewController.swift */ = {isa = PBXFileReference; lastKnownFileType = sourcecode.swift; path = FoodPinDetailViewController.swift; sourceTree = "<group>"; };
		5DC5441621F75DC100CEF41E /* MapKit.framework */ = {isa = PBXFileReference; lastKnownFileType = wrapper.framework; name = MapKit.framework; path = System/Library/Frameworks/MapKit.framework; sourceTree = SDKROOT; };
		5DC5441A21F87AB200CEF41E /* MapViewController.swift */ = {isa = PBXFileReference; lastKnownFileType = sourcecode.swift; path = MapViewController.swift; sourceTree = "<group>"; };
/* End PBXFileReference section */

/* Begin PBXFrameworksBuildPhase section */
		5D7DC77221AD6B3400547575 /* Frameworks */ = {
			isa = PBXFrameworksBuildPhase;
			buildActionMask = 2147483647;
			files = (
				5DC5441721F75DC100CEF41E /* MapKit.framework in Frameworks */,
			);
			runOnlyForDeploymentPostprocessing = 0;
		};
/* End PBXFrameworksBuildPhase section */

/* Begin PBXGroup section */
		5D0C4E1F22032477001365F1 /* CoreData */ = {
			isa = PBXGroup;
			children = (
				5D0C4E20220324BF001365F1 /* FoodPin.xcdatamodeld */,
			);
			path = CoreData;
			sourceTree = "<group>";
		};
		5D7DC76C21AD6B3400547575 = {
			isa = PBXGroup;
			children = (
				5D7DC77721AD6B3400547575 /* FoodPinApp */,
				5D7DC77621AD6B3400547575 /* Products */,
				5DC5441321F751AC00CEF41E /* Frameworks */,
			);
			sourceTree = "<group>";
		};
		5D7DC77621AD6B3400547575 /* Products */ = {
			isa = PBXGroup;
			children = (
				5D7DC77521AD6B3400547575 /* FoodPinApp.app */,
			);
			name = Products;
			sourceTree = "<group>";
		};
		5D7DC77721AD6B3400547575 /* FoodPinApp */ = {
			isa = PBXGroup;
			children = (
				5D0C4E1F22032477001365F1 /* CoreData */,
				5D7DC78A21AD6EA900547575 /* Model */,
				5D7DC78B21AD6EB200547575 /* View */,
				5D7DC78C21AD6EB800547575 /* Controller */,
				5D7DC77821AD6B3400547575 /* AppDelegate.swift */,
				5D7DC77F21AD6B3700547575 /* Assets.xcassets */,
				5D7DC78121AD6B3700547575 /* LaunchScreen.storyboard */,
				5D7DC78421AD6B3700547575 /* Info.plist */,
			);
			path = FoodPinApp;
			sourceTree = "<group>";
		};
		5D7DC78A21AD6EA900547575 /* Model */ = {
			isa = PBXGroup;
			children = (
				5D7DC78D21AD6F5800547575 /* Restaurant.swift */,
			);
			path = Model;
			sourceTree = "<group>";
		};
		5D7DC78B21AD6EB200547575 /* View */ = {
			isa = PBXGroup;
			children = (
				5D8E4B8F2214606200963BF0 /* discover.storyboard */,
				5D8E4B8D2214604700963BF0 /* about.storyboard */,
				5D7DC79121AD7C7600547575 /* Cells */,
				5D7DC77C21AD6B3400547575 /* Main.storyboard */,
			);
			path = View;
			sourceTree = "<group>";
		};
		5D7DC78C21AD6EB800547575 /* Controller */ = {
			isa = PBXGroup;
			children = (
				5D7DC78F21AD777200547575 /* FoodPinTableViewController.swift */,
				5DA1848421B1641C0066E79D /* FoodPinDetailViewController.swift */,
				5D4166CB21EFBCD2002F72AF /* ReviewViewController.swift */,
				5DC5441A21F87AB200CEF41E /* MapViewController.swift */,
				5D1188A022008BB4003B72EB /* AddRestaurantController.swift */,
				5D0F20B7220C3580009F1F78 /* WalkThroughController.swift */,
				5D0F20BB220C3F70009F1F78 /* WalkThroughPageViewController.swift */,
				5D73F2492216D4EB00F473DE /* AboutTableViewController.swift */,
				5D73F24B2216E2FB00F473DE /* WebViewController.swift */,
			);
			path = Controller;
			sourceTree = "<group>";
		};
		5D7DC79121AD7C7600547575 /* Cells */ = {
			isa = PBXGroup;
			children = (
				5D7DC79221AD7CBB00547575 /* RestaurantTableViewCell.swift */,
				5D1A453321E8CCEB00A2B649 /* RestaurantDetailViewTableCellTableViewCell.swift */,
			);
			path = Cells;
			sourceTree = "<group>";
		};
		5DC5441321F751AC00CEF41E /* Frameworks */ = {
			isa = PBXGroup;
			children = (
				5DC5441621F75DC100CEF41E /* MapKit.framework */,
			);
			name = Frameworks;
			sourceTree = "<group>";
		};
/* End PBXGroup section */

/* Begin PBXNativeTarget section */
		5D7DC77421AD6B3400547575 /* FoodPinApp */ = {
			isa = PBXNativeTarget;
			buildConfigurationList = 5D7DC78721AD6B3700547575 /* Build configuration list for PBXNativeTarget "FoodPinApp" */;
			buildPhases = (
				5D7DC77121AD6B3400547575 /* Sources */,
				5D7DC77221AD6B3400547575 /* Frameworks */,
				5D7DC77321AD6B3400547575 /* Resources */,
			);
			buildRules = (
			);
			dependencies = (
			);
			name = FoodPinApp;
			productName = FoodPinApp;
			productReference = 5D7DC77521AD6B3400547575 /* FoodPinApp.app */;
			productType = "com.apple.product-type.application";
		};
/* End PBXNativeTarget section */

/* Begin PBXProject section */
		5D7DC76D21AD6B3400547575 /* Project object */ = {
			isa = PBXProject;
			attributes = {
				LastSwiftUpdateCheck = 1000;
				LastUpgradeCheck = 1000;
				ORGANIZATIONNAME = Jithin;
				TargetAttributes = {
					5D7DC77421AD6B3400547575 = {
						CreatedOnToolsVersion = 10.0;
						SystemCapabilities = {
							com.apple.Maps.iOS = {
								enabled = 1;
							};
						};
					};
				};
			};
			buildConfigurationList = 5D7DC77021AD6B3400547575 /* Build configuration list for PBXProject "FoodPinApp" */;
			compatibilityVersion = "Xcode 9.3";
			developmentRegion = en;
			hasScannedForEncodings = 0;
			knownRegions = (
				en,
				Base,
			);
			mainGroup = 5D7DC76C21AD6B3400547575;
			productRefGroup = 5D7DC77621AD6B3400547575 /* Products */;
			projectDirPath = "";
			projectRoot = "";
			targets = (
				5D7DC77421AD6B3400547575 /* FoodPinApp */,
			);
		};
/* End PBXProject section */

/* Begin PBXResourcesBuildPhase section */
		5D7DC77321AD6B3400547575 /* Resources */ = {
			isa = PBXResourcesBuildPhase;
			buildActionMask = 2147483647;
			files = (
				5D7DC78321AD6B3700547575 /* LaunchScreen.storyboard in Resources */,
				5D7DC78021AD6B3700547575 /* Assets.xcassets in Resources */,
				5D8E4B902214606200963BF0 /* discover.storyboard in Resources */,
				5D8E4B8E2214604700963BF0 /* about.storyboard in Resources */,
				5D7DC77E21AD6B3400547575 /* Main.storyboard in Resources */,
			);
			runOnlyForDeploymentPostprocessing = 0;
		};
/* End PBXResourcesBuildPhase section */

/* Begin PBXSourcesBuildPhase section */
		5D7DC77121AD6B3400547575 /* Sources */ = {
			isa = PBXSourcesBuildPhase;
			buildActionMask = 2147483647;
			files = (
				5D1188A122008BB4003B72EB /* AddRestaurantController.swift in Sources */,
				5D73F24A2216D4EB00F473DE /* AboutTableViewController.swift in Sources */,
				5D7DC79321AD7CBB00547575 /* RestaurantTableViewCell.swift in Sources */,
				5D0F20BC220C3F70009F1F78 /* WalkThroughPageViewController.swift in Sources */,
				5D7DC79021AD777200547575 /* FoodPinTableViewController.swift in Sources */,
				5D4166CC21EFBCD2002F72AF /* ReviewViewController.swift in Sources */,
				5D7DC78E21AD6F5800547575 /* Restaurant.swift in Sources */,
				5D0C4E22220324BF001365F1 /* FoodPin.xcdatamodeld in Sources */,
				5D1A453421E8CCEB00A2B649 /* RestaurantDetailViewTableCellTableViewCell.swift in Sources */,
				5DA1848521B1641C0066E79D /* FoodPinDetailViewController.swift in Sources */,
				5D7DC77921AD6B3400547575 /* AppDelegate.swift in Sources */,
				5D73F24C2216E2FB00F473DE /* WebViewController.swift in Sources */,
				5DC5441B21F87AB200CEF41E /* MapViewController.swift in Sources */,
				5D0F20B8220C3580009F1F78 /* WalkThroughController.swift in Sources */,
			);
			runOnlyForDeploymentPostprocessing = 0;
		};
/* End PBXSourcesBuildPhase section */

/* Begin PBXVariantGroup section */
		5D7DC77C21AD6B3400547575 /* Main.storyboard */ = {
			isa = PBXVariantGroup;
			children = (
				5D7DC77D21AD6B3400547575 /* Base */,
			);
			name = Main.storyboard;
			sourceTree = "<group>";
		};
		5D7DC78121AD6B3700547575 /* LaunchScreen.storyboard */ = {
			isa = PBXVariantGroup;
			children = (
				5D7DC78221AD6B3700547575 /* Base */,
			);
			name = LaunchScreen.storyboard;
			sourceTree = "<group>";
		};
/* End PBXVariantGroup section */

/* Begin XCBuildConfiguration section */
		5D7DC78521AD6B3700547575 /* Debug */ = {
			isa = XCBuildConfiguration;
			buildSettings = {
				ALWAYS_SEARCH_USER_PATHS = NO;
				CLANG_ANALYZER_NONNULL = YES;
				CLANG_ANALYZER_NUMBER_OBJECT_CONVERSION = YES_AGGRESSIVE;
				CLANG_CXX_LANGUAGE_STANDARD = "gnu++14";
				CLANG_CXX_LIBRARY = "libc++";
				CLANG_ENABLE_MODULES = YES;
				CLANG_ENABLE_OBJC_ARC = YES;
				CLANG_ENABLE_OBJC_WEAK = YES;
				CLANG_WARN_BLOCK_CAPTURE_AUTORELEASING = YES;
				CLANG_WARN_BOOL_CONVERSION = YES;
				CLANG_WARN_COMMA = YES;
				CLANG_WARN_CONSTANT_CONVERSION = YES;
				CLANG_WARN_DEPRECATED_OBJC_IMPLEMENTATIONS = YES;
				CLANG_WARN_DIRECT_OBJC_ISA_USAGE = YES_ERROR;
				CLANG_WARN_DOCUMENTATION_COMMENTS = YES;
				CLANG_WARN_EMPTY_BODY = YES;
				CLANG_WARN_ENUM_CONVERSION = YES;
				CLANG_WARN_INFINITE_RECURSION = YES;
				CLANG_WARN_INT_CONVERSION = YES;
				CLANG_WARN_NON_LITERAL_NULL_CONVERSION = YES;
				CLANG_WARN_OBJC_IMPLICIT_RETAIN_SELF = YES;
				CLANG_WARN_OBJC_LITERAL_CONVERSION = YES;
				CLANG_WARN_OBJC_ROOT_CLASS = YES_ERROR;
				CLANG_WARN_RANGE_LOOP_ANALYSIS = YES;
				CLANG_WARN_STRICT_PROTOTYPES = YES;
				CLANG_WARN_SUSPICIOUS_MOVE = YES;
				CLANG_WARN_UNGUARDED_AVAILABILITY = YES_AGGRESSIVE;
				CLANG_WARN_UNREACHABLE_CODE = YES;
				CLANG_WARN__DUPLICATE_METHOD_MATCH = YES;
				CODE_SIGN_IDENTITY = "iPhone Developer";
				COPY_PHASE_STRIP = NO;
				DEBUG_INFORMATION_FORMAT = dwarf;
				ENABLE_STRICT_OBJC_MSGSEND = YES;
				ENABLE_TESTABILITY = YES;
				GCC_C_LANGUAGE_STANDARD = gnu11;
				GCC_DYNAMIC_NO_PIC = NO;
				GCC_NO_COMMON_BLOCKS = YES;
				GCC_OPTIMIZATION_LEVEL = 0;
				GCC_PREPROCESSOR_DEFINITIONS = (
					"DEBUG=1",
					"$(inherited)",
				);
				GCC_WARN_64_TO_32_BIT_CONVERSION = YES;
				GCC_WARN_ABOUT_RETURN_TYPE = YES_ERROR;
				GCC_WARN_UNDECLARED_SELECTOR = YES;
				GCC_WARN_UNINITIALIZED_AUTOS = YES_AGGRESSIVE;
				GCC_WARN_UNUSED_FUNCTION = YES;
				GCC_WARN_UNUSED_VARIABLE = YES;
				IPHONEOS_DEPLOYMENT_TARGET = 12.0;
				MTL_ENABLE_DEBUG_INFO = INCLUDE_SOURCE;
				MTL_FAST_MATH = YES;
				ONLY_ACTIVE_ARCH = YES;
				SDKROOT = iphoneos;
				SWIFT_ACTIVE_COMPILATION_CONDITIONS = DEBUG;
				SWIFT_OPTIMIZATION_LEVEL = "-Onone";
			};
			name = Debug;
		};
		5D7DC78621AD6B3700547575 /* Release */ = {
			isa = XCBuildConfiguration;
			buildSettings = {
				ALWAYS_SEARCH_USER_PATHS = NO;
				CLANG_ANALYZER_NONNULL = YES;
				CLANG_ANALYZER_NUMBER_OBJECT_CONVERSION = YES_AGGRESSIVE;
				CLANG_CXX_LANGUAGE_STANDARD = "gnu++14";
				CLANG_CXX_LIBRARY = "libc++";
				CLANG_ENABLE_MODULES = YES;
				CLANG_ENABLE_OBJC_ARC = YES;
				CLANG_ENABLE_OBJC_WEAK = YES;
				CLANG_WARN_BLOCK_CAPTURE_AUTORELEASING = YES;
				CLANG_WARN_BOOL_CONVERSION = YES;
				CLANG_WARN_COMMA = YES;
				CLANG_WARN_CONSTANT_CONVERSION = YES;
				CLANG_WARN_DEPRECATED_OBJC_IMPLEMENTATIONS = YES;
				CLANG_WARN_DIRECT_OBJC_ISA_USAGE = YES_ERROR;
				CLANG_WARN_DOCUMENTATION_COMMENTS = YES;
				CLANG_WARN_EMPTY_BODY = YES;
				CLANG_WARN_ENUM_CONVERSION = YES;
				CLANG_WARN_INFINITE_RECURSION = YES;
				CLANG_WARN_INT_CONVERSION = YES;
				CLANG_WARN_NON_LITERAL_NULL_CONVERSION = YES;
				CLANG_WARN_OBJC_IMPLICIT_RETAIN_SELF = YES;
				CLANG_WARN_OBJC_LITERAL_CONVERSION = YES;
				CLANG_WARN_OBJC_ROOT_CLASS = YES_ERROR;
				CLANG_WARN_RANGE_LOOP_ANALYSIS = YES;
				CLANG_WARN_STRICT_PROTOTYPES = YES;
				CLANG_WARN_SUSPICIOUS_MOVE = YES;
				CLANG_WARN_UNGUARDED_AVAILABILITY = YES_AGGRESSIVE;
				CLANG_WARN_UNREACHABLE_CODE = YES;
				CLANG_WARN__DUPLICATE_METHOD_MATCH = YES;
				CODE_SIGN_IDENTITY = "iPhone Developer";
				COPY_PHASE_STRIP = NO;
				DEBUG_INFORMATION_FORMAT = "dwarf-with-dsym";
				ENABLE_NS_ASSERTIONS = NO;
				ENABLE_STRICT_OBJC_MSGSEND = YES;
				GCC_C_LANGUAGE_STANDARD = gnu11;
				GCC_NO_COMMON_BLOCKS = YES;
				GCC_WARN_64_TO_32_BIT_CONVERSION = YES;
				GCC_WARN_ABOUT_RETURN_TYPE = YES_ERROR;
				GCC_WARN_UNDECLARED_SELECTOR = YES;
				GCC_WARN_UNINITIALIZED_AUTOS = YES_AGGRESSIVE;
				GCC_WARN_UNUSED_FUNCTION = YES;
				GCC_WARN_UNUSED_VARIABLE = YES;
				IPHONEOS_DEPLOYMENT_TARGET = 12.0;
				MTL_ENABLE_DEBUG_INFO = NO;
				MTL_FAST_MATH = YES;
				SDKROOT = iphoneos;
				SWIFT_COMPILATION_MODE = wholemodule;
				SWIFT_OPTIMIZATION_LEVEL = "-O";
				VALIDATE_PRODUCT = YES;
			};
			name = Release;
		};
		5D7DC78821AD6B3700547575 /* Debug */ = {
			isa = XCBuildConfiguration;
			buildSettings = {
				ASSETCATALOG_COMPILER_APPICON_NAME = AppIcon;
				CODE_SIGN_STYLE = Automatic;
				DEVELOPMENT_TEAM = 2NBDVAZT58;
				INFOPLIST_FILE = FoodPinApp/Info.plist;
				IPHONEOS_DEPLOYMENT_TARGET = 10.0;
				LD_RUNPATH_SEARCH_PATHS = (
					"$(inherited)",
					"@executable_path/Frameworks",
				);
				PRODUCT_BUNDLE_IDENTIFIER = com.jithinsyamms.FoodPinApp;
				PRODUCT_NAME = "$(TARGET_NAME)";
				SWIFT_VERSION = 4.2;
				TARGETED_DEVICE_FAMILY = "1,2";
			};
			name = Debug;
		};
		5D7DC78921AD6B3700547575 /* Release */ = {
			isa = XCBuildConfiguration;
			buildSettings = {
				ASSETCATALOG_COMPILER_APPICON_NAME = AppIcon;
				CODE_SIGN_STYLE = Automatic;
				DEVELOPMENT_TEAM = 2NBDVAZT58;
				INFOPLIST_FILE = FoodPinApp/Info.plist;
				IPHONEOS_DEPLOYMENT_TARGET = 10.0;
				LD_RUNPATH_SEARCH_PATHS = (
					"$(inherited)",
					"@executable_path/Frameworks",
				);
				PRODUCT_BUNDLE_IDENTIFIER = com.jithinsyamms.FoodPinApp;
				PRODUCT_NAME = "$(TARGET_NAME)";
				SWIFT_VERSION = 4.2;
				TARGETED_DEVICE_FAMILY = "1,2";
			};
			name = Release;
		};
/* End XCBuildConfiguration section */

/* Begin XCConfigurationList section */
		5D7DC77021AD6B3400547575 /* Build configuration list for PBXProject "FoodPinApp" */ = {
			isa = XCConfigurationList;
			buildConfigurations = (
				5D7DC78521AD6B3700547575 /* Debug */,
				5D7DC78621AD6B3700547575 /* Release */,
			);
			defaultConfigurationIsVisible = 0;
			defaultConfigurationName = Release;
		};
		5D7DC78721AD6B3700547575 /* Build configuration list for PBXNativeTarget "FoodPinApp" */ = {
			isa = XCConfigurationList;
			buildConfigurations = (
				5D7DC78821AD6B3700547575 /* Debug */,
				5D7DC78921AD6B3700547575 /* Release */,
			);
			defaultConfigurationIsVisible = 0;
			defaultConfigurationName = Release;
		};
/* End XCConfigurationList section */

/* Begin XCVersionGroup section */
		5D0C4E20220324BF001365F1 /* FoodPin.xcdatamodeld */ = {
			isa = XCVersionGroup;
			children = (
				5D0C4E21220324BF001365F1 /* FoodPin.xcdatamodel */,
			);
			currentVersion = 5D0C4E21220324BF001365F1 /* FoodPin.xcdatamodel */;
			path = FoodPin.xcdatamodeld;
			sourceTree = "<group>";
			versionGroupType = wrapper.xcdatamodel;
		};
/* End XCVersionGroup section */
	};
	rootObject = 5D7DC76D21AD6B3400547575 /* Project object */;
}
